
Microsoft Visual Studio Solution File, Format Version 12.00
# Visual Studio Version 17
VisualStudioVersion = 17.1.32210.238
MinimumVisualStudioVersion = 10.0.40219.1
Project("{FAE04EC0-301F-11D3-BF4B-00C04F79EFBC}") = "Algorithms.Console", "Algorithms.Console\Algorithms.Console.csproj", "{9D84E882-A637-4D2B-869F-7CC8A0D19FBD}"
EndProject
Project("{FAE04EC0-301F-11D3-BF4B-00C04F79EFBC}") = "Algorithms.Core", "Algorithms.Core\Algorithms.Core.csproj", "{FC286555-84FA-4177-AB7F-2DC704D6436A}"
EndProject
Global
	GlobalSection(SolutionConfigurationPlatforms) = preSolution
		Debug|Any CPU = Debug|Any CPU
		Release|Any CPU = Release|Any CPU
	EndGlobalSection
	GlobalSection(ProjectConfigurationPlatforms) = postSolution
		{9D84E882-A637-4D2B-869F-7CC8A0D19FBD}.Debug|Any CPU.ActiveCfg = Debug|Any CPU
		{9D84E882-A637-4D2B-869F-7CC8A0D19FBD}.Debug|Any CPU.Build.0 = Debug|Any CPU
		{9D84E882-A637-4D2B-869F-7CC8A0D19FBD}.Release|Any CPU.ActiveCfg = Release|Any CPU
		{9D84E882-A637-4D2B-869F-7CC8A0D19FBD}.Release|Any CPU.Build.0 = Release|Any CPU
		{FC286555-84FA-4177-AB7F-2DC704D6436A}.Debug|Any CPU.ActiveCfg = Debug|Any CPU
		{FC286555-84FA-4177-AB7F-2DC704D6436A}.Debug|Any CPU.Build.0 = Debug|Any CPU
		{FC286555-84FA-4177-AB7F-2DC704D6436A}.Release|Any CPU.ActiveCfg = Release|Any CPU
		{FC286555-84FA-4177-AB7F-2DC704D6436A}.Release|Any CPU.Build.0 = Release|Any CPU
	EndGlobalSection
	GlobalSection(SolutionProperties) = preSolution
		HideSolutionNode = FALSE
	EndGlobalSection
	GlobalSection(ExtensibilityGlobals) = postSolution
		SolutionGuid = {09832CE8-D49F-4DB0-94AF-B6F7F3AC6A3D}
	EndGlobalSection
EndGlobal
